// !$*UTF8*$!
{
	archiveVersion = 1;
	classes = {
	};
	objectVersion = 53;
	objects = {

/* Begin PBXBuildFile section */
		1C49FD752A841F0E008344D6 /* constants.swift in Sources */ = {isa = PBXBuildFile; fileRef = 1C49FD742A841F0E008344D6 /* constants.swift */; };
		1C8E26782A84082B0023464D /* CoffeForUApp.swift in Sources */ = {isa = PBXBuildFile; fileRef = 1C8E26772A84082B0023464D /* CoffeForUApp.swift */; };
		1C8E267A2A84082B0023464D /* ContentView.swift in Sources */ = {isa = PBXBuildFile; fileRef = 1C8E26792A84082B0023464D /* ContentView.swift */; };
		1C8E267C2A8408320023464D /* Assets.xcassets in Resources */ = {isa = PBXBuildFile; fileRef = 1C8E267B2A8408320023464D /* Assets.xcassets */; };
		1C8E267F2A8408330023464D /* Preview Assets.xcassets in Resources */ = {isa = PBXBuildFile; fileRef = 1C8E267E2A8408330023464D /* Preview Assets.xcassets */; };
		1C8E268D2A840A480023464D /* CoffeViewModel.swift in Sources */ = {isa = PBXBuildFile; fileRef = 1C8E268C2A840A480023464D /* CoffeViewModel.swift */; };
		1C8E26902A840EB30023464D /* Coffee.swift in Sources */ = {isa = PBXBuildFile; fileRef = 1C8E268F2A840EB30023464D /* Coffee.swift */; };
		1C8E26942A840F000023464D /* CoffeeCodable.swift in Sources */ = {isa = PBXBuildFile; fileRef = 1C8E26932A840F000023464D /* CoffeeCodable.swift */; };
		1C8E26972A84117F0023464D /* CoffeService.swift in Sources */ = {isa = PBXBuildFile; fileRef = 1C8E26962A84117F0023464D /* CoffeService.swift */; };
		D5F55C73CEAEC55DC89BCB69 /* libPods-CoffeForU.a in Frameworks */ = {isa = PBXBuildFile; fileRef = 82FE2E98A80E74AF82522E8A /* libPods-CoffeForU.a */; };
/* End PBXBuildFile section */

/* Begin PBXFileReference section */
		1C49FD742A841F0E008344D6 /* constants.swift */ = {isa = PBXFileReference; lastKnownFileType = sourcecode.swift; path = constants.swift; sourceTree = "<group>"; };
		1C8E26742A84082B0023464D /* CoffeForU.app */ = {isa = PBXFileReference; explicitFileType = wrapper.application; includeInIndex = 0; path = CoffeForU.app; sourceTree = BUILT_PRODUCTS_DIR; };
		1C8E26772A84082B0023464D /* CoffeForUApp.swift */ = {isa = PBXFileReference; lastKnownFileType = sourcecode.swift; path = CoffeForUApp.swift; sourceTree = "<group>"; };
		1C8E26792A84082B0023464D /* ContentView.swift */ = {isa = PBXFileReference; lastKnownFileType = sourcecode.swift; path = ContentView.swift; sourceTree = "<group>"; };
		1C8E267B2A8408320023464D /* Assets.xcassets */ = {isa = PBXFileReference; lastKnownFileType = folder.assetcatalog; path = Assets.xcassets; sourceTree = "<group>"; };
		1C8E267E2A8408330023464D /* Preview Assets.xcassets */ = {isa = PBXFileReference; lastKnownFileType = folder.assetcatalog; path = "Preview Assets.xcassets"; sourceTree = "<group>"; };
		1C8E268C2A840A480023464D /* CoffeViewModel.swift */ = {isa = PBXFileReference; lastKnownFileType = sourcecode.swift; path = CoffeViewModel.swift; sourceTree = "<group>"; };
		1C8E268F2A840EB30023464D /* Coffee.swift */ = {isa = PBXFileReference; lastKnownFileType = sourcecode.swift; path = Coffee.swift; sourceTree = "<group>"; };
		1C8E26932A840F000023464D /* CoffeeCodable.swift */ = {isa = PBXFileReference; lastKnownFileType = sourcecode.swift; path = CoffeeCodable.swift; sourceTree = "<group>"; };
		1C8E26962A84117F0023464D /* CoffeService.swift */ = {isa = PBXFileReference; lastKnownFileType = sourcecode.swift; path = CoffeService.swift; sourceTree = "<group>"; };
		82FE2E98A80E74AF82522E8A /* libPods-CoffeForU.a */ = {isa = PBXFileReference; explicitFileType = archive.ar; includeInIndex = 0; path = "libPods-CoffeForU.a"; sourceTree = BUILT_PRODUCTS_DIR; };
		989F1E45B0A59894191695E1 /* Pods-CoffeForU.release.xcconfig */ = {isa = PBXFileReference; includeInIndex = 1; lastKnownFileType = text.xcconfig; name = "Pods-CoffeForU.release.xcconfig"; path = "Target Support Files/Pods-CoffeForU/Pods-CoffeForU.release.xcconfig"; sourceTree = "<group>"; };
		A1712E76756A78A93F08BBC4 /* Pods-CoffeForU.debug.xcconfig */ = {isa = PBXFileReference; includeInIndex = 1; lastKnownFileType = text.xcconfig; name = "Pods-CoffeForU.debug.xcconfig"; path = "Target Support Files/Pods-CoffeForU/Pods-CoffeForU.debug.xcconfig"; sourceTree = "<group>"; };
/* End PBXFileReference section */

/* Begin PBXFrameworksBuildPhase section */
		1C8E26712A84082B0023464D /* Frameworks */ = {
			isa = PBXFrameworksBuildPhase;
			buildActionMask = 2147483647;
			files = (
				D5F55C73CEAEC55DC89BCB69 /* libPods-CoffeForU.a in Frameworks */,
			);
			runOnlyForDeploymentPostprocessing = 0;
		};
/* End PBXFrameworksBuildPhase section */

/* Begin PBXGroup section */
		1C8E266B2A84082A0023464D = {
			isa = PBXGroup;
			children = (
				1C49FD742A841F0E008344D6 /* constants.swift */,
				1C8E26762A84082B0023464D /* CoffeForU */,
				1C8E26752A84082B0023464D /* Products */,
				E72C9B50E35F4F75F3D0C462 /* Pods */,
				440D560E4DC9B2D10BAEEF40 /* Frameworks */,
			);
			sourceTree = "<group>";
		};
		1C8E26752A84082B0023464D /* Products */ = {
			isa = PBXGroup;
			children = (
				1C8E26742A84082B0023464D /* CoffeForU.app */,
			);
			name = Products;
			sourceTree = "<group>";
		};
		1C8E26762A84082B0023464D /* CoffeForU */ = {
			isa = PBXGroup;
			children = (
				1C8E26952A8411680023464D /* Service */,
				1C8E26922A840EE20023464D /* Codable */,
				1C8E268E2A840E110023464D /* Model */,
				1C8E26872A840A090023464D /* ViewModel */,
				1C8E26852A8409EC0023464D /* View */,
				1C8E26772A84082B0023464D /* CoffeForUApp.swift */,
				1C8E26792A84082B0023464D /* ContentView.swift */,
				1C8E267B2A8408320023464D /* Assets.xcassets */,
				1C8E267D2A8408330023464D /* Preview Content */,
			);
			path = CoffeForU;
			sourceTree = "<group>";
		};
		1C8E267D2A8408330023464D /* Preview Content */ = {
			isa = PBXGroup;
			children = (
				1C8E267E2A8408330023464D /* Preview Assets.xcassets */,
			);
			path = "Preview Content";
			sourceTree = "<group>";
		};
		1C8E26852A8409EC0023464D /* View */ = {
			isa = PBXGroup;
			children = (
			);
			path = View;
			sourceTree = "<group>";
		};
		1C8E26872A840A090023464D /* ViewModel */ = {
			isa = PBXGroup;
			children = (
				1C8E268C2A840A480023464D /* CoffeViewModel.swift */,
			);
			path = ViewModel;
			sourceTree = "<group>";
		};
		1C8E268E2A840E110023464D /* Model */ = {
			isa = PBXGroup;
			children = (
				1C8E268F2A840EB30023464D /* Coffee.swift */,
			);
			path = Model;
			sourceTree = "<group>";
		};
		1C8E26922A840EE20023464D /* Codable */ = {
			isa = PBXGroup;
			children = (
				1C8E26932A840F000023464D /* CoffeeCodable.swift */,
			);
			path = Codable;
			sourceTree = "<group>";
		};
		1C8E26952A8411680023464D /* Service */ = {
			isa = PBXGroup;
			children = (
				1C8E26962A84117F0023464D /* CoffeService.swift */,
			);
			path = Service;
			sourceTree = "<group>";
		};
		440D560E4DC9B2D10BAEEF40 /* Frameworks */ = {
			isa = PBXGroup;
			children = (
				82FE2E98A80E74AF82522E8A /* libPods-CoffeForU.a */,
			);
			name = Frameworks;
			sourceTree = "<group>";
		};
		E72C9B50E35F4F75F3D0C462 /* Pods */ = {
			isa = PBXGroup;
			children = (
				A1712E76756A78A93F08BBC4 /* Pods-CoffeForU.debug.xcconfig */,
				989F1E45B0A59894191695E1 /* Pods-CoffeForU.release.xcconfig */,
			);
			path = Pods;
			sourceTree = "<group>";
		};
/* End PBXGroup section */

/* Begin PBXNativeTarget section */
		1C8E26732A84082B0023464D /* CoffeForU */ = {
			isa = PBXNativeTarget;
			buildConfigurationList = 1C8E26822A8408330023464D /* Build configuration list for PBXNativeTarget "CoffeForU" */;
			buildPhases = (
				27C24202CDD74156CC214125 /* [CP] Check Pods Manifest.lock */,
				1C8E26702A84082B0023464D /* Sources */,
				1C8E26712A84082B0023464D /* Frameworks */,
				1C8E26722A84082B0023464D /* Resources */,
			);
			buildRules = (
			);
			dependencies = (
			);
			name = CoffeForU;
			productName = CoffeForU;
			productReference = 1C8E26742A84082B0023464D /* CoffeForU.app */;
			productType = "com.apple.product-type.application";
		};
/* End PBXNativeTarget section */

/* Begin PBXProject section */
		1C8E266C2A84082A0023464D /* Project object */ = {
			isa = PBXProject;
			attributes = {
				BuildIndependentTargetsInParallel = 1;
				LastSwiftUpdateCheck = 1320;
				LastUpgradeCheck = 1320;
				TargetAttributes = {
					1C8E26732A84082B0023464D = {
						CreatedOnToolsVersion = 13.2.1;
					};
				};
			};
			buildConfigurationList = 1C8E266F2A84082A0023464D /* Build configuration list for PBXProject "CoffeForU" */;
			compatibilityVersion = "Xcode 11.0";
			developmentRegion = en;
			hasScannedForEncodings = 0;
			knownRegions = (
				en,
				Base,
			);
			mainGroup = 1C8E266B2A84082A0023464D;
			productRefGroup = 1C8E26752A84082B0023464D /* Products */;
			projectDirPath = "";
			projectRoot = "";
			targets = (
				1C8E26732A84082B0023464D /* CoffeForU */,
			);
		};
/* End PBXProject section */

/* Begin PBXResourcesBuildPhase section */
		1C8E26722A84082B0023464D /* Resources */ = {
			isa = PBXResourcesBuildPhase;
			buildActionMask = 2147483647;
			files = (
				1C8E267F2A8408330023464D /* Preview Assets.xcassets in Resources */,
				1C8E267C2A8408320023464D /* Assets.xcassets in Resources */,
			);
			runOnlyForDeploymentPostprocessing = 0;
		};
/* End PBXResourcesBuildPhase section */

/* Begin PBXShellScriptBuildPhase section */
		27C24202CDD74156CC214125 /* [CP] Check Pods Manifest.lock */ = {
			isa = PBXShellScriptBuildPhase;
			buildActionMask = 2147483647;
			files = (
			);
			inputFileListPaths = (
			);
			inputPaths = (
				"${PODS_PODFILE_DIR_PATH}/Podfile.lock",
				"${PODS_ROOT}/Manifest.lock",
			);
			name = "[CP] Check Pods Manifest.lock";
			outputFileListPaths = (
			);
			outputPaths = (
				"$(DERIVED_FILE_DIR)/Pods-CoffeForU-checkManifestLockResult.txt",
			);
			runOnlyForDeploymentPostprocessing = 0;
			shellPath = /bin/sh;
			shellScript = "diff \"${PODS_PODFILE_DIR_PATH}/Podfile.lock\" \"${PODS_ROOT}/Manifest.lock\" > /dev/null\nif [ $? != 0 ] ; then\n    # print error to STDERR\n    echo \"error: The sandbox is not in sync with the Podfile.lock. Run 'pod install' or update your CocoaPods installation.\" >&2\n    exit 1\nfi\n# This output is used by Xcode 'outputs' to avoid re-running this script phase.\necho \"SUCCESS\" > \"${SCRIPT_OUTPUT_FILE_0}\"\n";
			showEnvVarsInLog = 0;
		};
/* End PBXShellScriptBuildPhase section */

/* Begin PBXSourcesBuildPhase section */
		1C8E26702A84082B0023464D /* Sources */ = {
			isa = PBXSourcesBuildPhase;
			buildActionMask = 2147483647;
			files = (
				1C8E26942A840F000023464D /* CoffeeCodable.swift in Sources */,
				1C8E26972A84117F0023464D /* CoffeService.swift in Sources */,
				1C8E268D2A840A480023464D /* CoffeViewModel.swift in Sources */,
				1C8E267A2A84082B0023464D /* ContentView.swift in Sources */,
				1C8E26782A84082B0023464D /* CoffeForUApp.swift in Sources */,
				1C8E26902A840EB30023464D /* Coffee.swift in Sources */,
				1C49FD752A841F0E008344D6 /* constants.swift in Sources */,
			);
			runOnlyForDeploymentPostprocessing = 0;
		};
/* End PBXSourcesBuildPhase section */

/* Begin XCBuildConfiguration section */
		1C8E26802A8408330023464D /* Debug */ = {
			isa = XCBuildConfiguration;
			buildSettings = {
				ALWAYS_SEARCH_USER_PATHS = NO;
				CLANG_ANALYZER_NONNULL = YES;
				CLANG_ANALYZER_NUMBER_OBJECT_CONVERSION = YES_AGGRESSIVE;
				CLANG_CXX_LANGUAGE_STANDARD = "gnu++17";
				CLANG_CXX_LIBRARY = "libc++";
				CLANG_ENABLE_MODULES = YES;
				CLANG_ENABLE_OBJC_ARC = YES;
				CLANG_ENABLE_OBJC_WEAK = YES;
				CLANG_WARN_BLOCK_CAPTURE_AUTORELEASING = YES;
				CLANG_WARN_BOOL_CONVERSION = YES;
				CLANG_WARN_COMMA = YES;
				CLANG_WARN_CONSTANT_CONVERSION = YES;
				CLANG_WARN_DEPRECATED_OBJC_IMPLEMENTATIONS = YES;
				CLANG_WARN_DIRECT_OBJC_ISA_USAGE = YES_ERROR;
				CLANG_WARN_DOCUMENTATION_COMMENTS = YES;
				CLANG_WARN_EMPTY_BODY = YES;
				CLANG_WARN_ENUM_CONVERSION = YES;
				CLANG_WARN_INFINITE_RECURSION = YES;
				CLANG_WARN_INT_CONVERSION = YES;
				CLANG_WARN_NON_LITERAL_NULL_CONVERSION = YES;
				CLANG_WARN_OBJC_IMPLICIT_RETAIN_SELF = YES;
				CLANG_WARN_OBJC_LITERAL_CONVERSION = YES;
				CLANG_WARN_OBJC_ROOT_CLASS = YES_ERROR;
				CLANG_WARN_QUOTED_INCLUDE_IN_FRAMEWORK_HEADER = YES;
				CLANG_WARN_RANGE_LOOP_ANALYSIS = YES;
				CLANG_WARN_STRICT_PROTOTYPES = YES;
				CLANG_WARN_SUSPICIOUS_MOVE = YES;
				CLANG_WARN_UNGUARDED_AVAILABILITY = YES_AGGRESSIVE;
				CLANG_WARN_UNREACHABLE_CODE = YES;
				CLANG_WARN__DUPLICATE_METHOD_MATCH = YES;
				COPY_PHASE_STRIP = NO;
				DEBUG_INFORMATION_FORMAT = dwarf;
				ENABLE_STRICT_OBJC_MSGSEND = YES;
				ENABLE_TESTABILITY = YES;
				GCC_C_LANGUAGE_STANDARD = gnu11;
				GCC_DYNAMIC_NO_PIC = NO;
				GCC_NO_COMMON_BLOCKS = YES;
				GCC_OPTIMIZATION_LEVEL = 0;
				GCC_PREPROCESSOR_DEFINITIONS = (
					"DEBUG=1",
					"$(inherited)",
				);
				GCC_WARN_64_TO_32_BIT_CONVERSION = YES;
				GCC_WARN_ABOUT_RETURN_TYPE = YES_ERROR;
				GCC_WARN_UNDECLARED_SELECTOR = YES;
				GCC_WARN_UNINITIALIZED_AUTOS = YES_AGGRESSIVE;
				GCC_WARN_UNUSED_FUNCTION = YES;
				GCC_WARN_UNUSED_VARIABLE = YES;
				IPHONEOS_DEPLOYMENT_TARGET = 15.2;
				MTL_ENABLE_DEBUG_INFO = INCLUDE_SOURCE;
				MTL_FAST_MATH = YES;
				ONLY_ACTIVE_ARCH = YES;
				SDKROOT = iphoneos;
				SWIFT_ACTIVE_COMPILATION_CONDITIONS = DEBUG;
				SWIFT_OPTIMIZATION_LEVEL = "-Onone";
			};
			name = Debug;
		};
		1C8E26812A8408330023464D /* Release */ = {
			isa = XCBuildConfiguration;
			buildSettings = {
				ALWAYS_SEARCH_USER_PATHS = NO;
				CLANG_ANALYZER_NONNULL = YES;
				CLANG_ANALYZER_NUMBER_OBJECT_CONVERSION = YES_AGGRESSIVE;
				CLANG_CXX_LANGUAGE_STANDARD = "gnu++17";
				CLANG_CXX_LIBRARY = "libc++";
				CLANG_ENABLE_MODULES = YES;
				CLANG_ENABLE_OBJC_ARC = YES;
				CLANG_ENABLE_OBJC_WEAK = YES;
				CLANG_WARN_BLOCK_CAPTURE_AUTORELEASING = YES;
				CLANG_WARN_BOOL_CONVERSION = YES;
				CLANG_WARN_COMMA = YES;
				CLANG_WARN_CONSTANT_CONVERSION = YES;
				CLANG_WARN_DEPRECATED_OBJC_IMPLEMENTATIONS = YES;
				CLANG_WARN_DIRECT_OBJC_ISA_USAGE = YES_ERROR;
				CLANG_WARN_DOCUMENTATION_COMMENTS = YES;
				CLANG_WARN_EMPTY_BODY = YES;
				CLANG_WARN_ENUM_CONVERSION = YES;
				CLANG_WARN_INFINITE_RECURSION = YES;
				CLANG_WARN_INT_CONVERSION = YES;
				CLANG_WARN_NON_LITERAL_NULL_CONVERSION = YES;
				CLANG_WARN_OBJC_IMPLICIT_RETAIN_SELF = YES;
				CLANG_WARN_OBJC_LITERAL_CONVERSION = YES;
				CLANG_WARN_OBJC_ROOT_CLASS = YES_ERROR;
				CLANG_WARN_QUOTED_INCLUDE_IN_FRAMEWORK_HEADER = YES;
				CLANG_WARN_RANGE_LOOP_ANALYSIS = YES;
				CLANG_WARN_STRICT_PROTOTYPES = YES;
				CLANG_WARN_SUSPICIOUS_MOVE = YES;
				CLANG_WARN_UNGUARDED_AVAILABILITY = YES_AGGRESSIVE;
				CLANG_WARN_UNREACHABLE_CODE = YES;
				CLANG_WARN__DUPLICATE_METHOD_MATCH = YES;
				COPY_PHASE_STRIP = NO;
				DEBUG_INFORMATION_FORMAT = "dwarf-with-dsym";
				ENABLE_NS_ASSERTIONS = NO;
				ENABLE_STRICT_OBJC_MSGSEND = YES;
				GCC_C_LANGUAGE_STANDARD = gnu11;
				GCC_NO_COMMON_BLOCKS = YES;
				GCC_WARN_64_TO_32_BIT_CONVERSION = YES;
				GCC_WARN_ABOUT_RETURN_TYPE = YES_ERROR;
				GCC_WARN_UNDECLARED_SELECTOR = YES;
				GCC_WARN_UNINITIALIZED_AUTOS = YES_AGGRESSIVE;
				GCC_WARN_UNUSED_FUNCTION = YES;
				GCC_WARN_UNUSED_VARIABLE = YES;
				IPHONEOS_DEPLOYMENT_TARGET = 15.2;
				MTL_ENABLE_DEBUG_INFO = NO;
				MTL_FAST_MATH = YES;
				SDKROOT = iphoneos;
				SWIFT_COMPILATION_MODE = wholemodule;
				SWIFT_OPTIMIZATION_LEVEL = "-O";
				VALIDATE_PRODUCT = YES;
			};
			name = Release;
		};
		1C8E26832A8408330023464D /* Debug */ = {
			isa = XCBuildConfiguration;
			baseConfigurationReference = A1712E76756A78A93F08BBC4 /* Pods-CoffeForU.debug.xcconfig */;
			buildSettings = {
				ASSETCATALOG_COMPILER_APPICON_NAME = AppIcon;
				ASSETCATALOG_COMPILER_GLOBAL_ACCENT_COLOR_NAME = AccentColor;
				CODE_SIGN_STYLE = Automatic;
				CURRENT_PROJECT_VERSION = 1;
				DEVELOPMENT_ASSET_PATHS = "\"CoffeForU/Preview Content\"";
				DEVELOPMENT_TEAM = C3NEV7QGRF;
				ENABLE_PREVIEWS = YES;
				GENERATE_INFOPLIST_FILE = YES;
				INFOPLIST_KEY_UIApplicationSceneManifest_Generation = YES;
				INFOPLIST_KEY_UIApplicationSupportsIndirectInputEvents = YES;
				INFOPLIST_KEY_UILaunchScreen_Generation = YES;
				INFOPLIST_KEY_UISupportedInterfaceOrientations_iPad = "UIInterfaceOrientationPortrait UIInterfaceOrientationPortraitUpsideDown UIInterfaceOrientationLandscapeLeft UIInterfaceOrientationLandscapeRight";
				INFOPLIST_KEY_UISupportedInterfaceOrientations_iPhone = "UIInterfaceOrientationPortrait UIInterfaceOrientationLandscapeLeft UIInterfaceOrientationLandscapeRight";
				LD_RUNPATH_SEARCH_PATHS = (
					"$(inherited)",
					"@executable_path/Frameworks",
				);
				MARKETING_VERSION = 1.0;
				PRODUCT_BUNDLE_IDENTIFIER = "my-dev.CoffeForU";
				PRODUCT_NAME = "$(TARGET_NAME)";
				SWIFT_EMIT_LOC_STRINGS = YES;
				SWIFT_VERSION = 5.0;
				TARGETED_DEVICE_FAMILY = "1,2";
			};
			name = Debug;
		};
		1C8E26842A8408330023464D /* Release */ = {
			isa = XCBuildConfiguration;
			baseConfigurationReference = 989F1E45B0A59894191695E1 /* Pods-CoffeForU.release.xcconfig */;
			buildSettings = {
				ASSETCATALOG_COMPILER_APPICON_NAME = AppIcon;
				ASSETCATALOG_COMPILER_GLOBAL_ACCENT_COLOR_NAME = AccentColor;
				CODE_SIGN_STYLE = Automatic;
				CURRENT_PROJECT_VERSION = 1;
				DEVELOPMENT_ASSET_PATHS = "\"CoffeForU/Preview Content\"";
				DEVELOPMENT_TEAM = C3NEV7QGRF;
				ENABLE_PREVIEWS = YES;
				GENERATE_INFOPLIST_FILE = YES;
				INFOPLIST_KEY_UIApplicationSceneManifest_Generation = YES;
				INFOPLIST_KEY_UIApplicationSupportsIndirectInputEvents = YES;
				INFOPLIST_KEY_UILaunchScreen_Generation = YES;
				INFOPLIST_KEY_UISupportedInterfaceOrientations_iPad = "UIInterfaceOrientationPortrait UIInterfaceOrientationPortraitUpsideDown UIInterfaceOrientationLandscapeLeft UIInterfaceOrientationLandscapeRight";
				INFOPLIST_KEY_UISupportedInterfaceOrientations_iPhone = "UIInterfaceOrientationPortrait UIInterfaceOrientationLandscapeLeft UIInterfaceOrientationLandscapeRight";
				LD_RUNPATH_SEARCH_PATHS = (
					"$(inherited)",
					"@executable_path/Frameworks",
				);
				MARKETING_VERSION = 1.0;
				PRODUCT_BUNDLE_IDENTIFIER = "my-dev.CoffeForU";
				PRODUCT_NAME = "$(TARGET_NAME)";
				SWIFT_EMIT_LOC_STRINGS = YES;
				SWIFT_VERSION = 5.0;
				TARGETED_DEVICE_FAMILY = "1,2";
			};
			name = Release;
		};
/* End XCBuildConfiguration section */

/* Begin XCConfigurationList section */
		1C8E266F2A84082A0023464D /* Build configuration list for PBXProject "CoffeForU" */ = {
			isa = XCConfigurationList;
			buildConfigurations = (
				1C8E26802A8408330023464D /* Debug */,
				1C8E26812A8408330023464D /* Release */,
			);
			defaultConfigurationIsVisible = 0;
			defaultConfigurationName = Release;
		};
		1C8E26822A8408330023464D /* Build configuration list for PBXNativeTarget "CoffeForU" */ = {
			isa = XCConfigurationList;
			buildConfigurations = (
				1C8E26832A8408330023464D /* Debug */,
				1C8E26842A8408330023464D /* Release */,
			);
			defaultConfigurationIsVisible = 0;
			defaultConfigurationName = Release;
		};
/* End XCConfigurationList section */
	};
	rootObject = 1C8E266C2A84082A0023464D /* Project object */;
}
